Microsoft Visual Studio Solution File, Format Version 12.00
# Visual Studio Version 17
VisualStudioVersion = 17.5.2.0
MinimumVisualStudioVersion = 10.0.40219.1
Project("{2150E333-8FDC-42A3-9474-1A3956D46DE8}") = "HealthHorizon_API", "HealthHorizon_API", "{A8029D33-ABD4-676C-B81C-FB5B191EF135}"
EndProject
Project("{FAE04EC0-301F-11D3-BF4B-00C04F79EFBC}") = "HealthHorizon_API", "HealthHorizon_API\HealthHorizon_API\HealthHorizon_API.csproj", "{CDA63267-C716-419E-C407-1D8C93071FFE}"
EndProject
Global
	GlobalSection(SolutionConfigurationPlatforms) = preSolution
		Debug|Any CPU = Debug|Any CPU
		Release|Any CPU = Release|Any CPU
	EndGlobalSection
	GlobalSection(ProjectConfigurationPlatforms) = postSolution
		{CDA63267-C716-419E-C407-1D8C93071FFE}.Debug|Any CPU.ActiveCfg = Debug|Any CPU
		{CDA63267-C716-419E-C407-1D8C93071FFE}.Debug|Any CPU.Build.0 = Debug|Any CPU
		{CDA63267-C716-419E-C407-1D8C93071FFE}.Release|Any CPU.ActiveCfg = Release|Any CPU
		{CDA63267-C716-419E-C407-1D8C93071FFE}.Release|Any CPU.Build.0 = Release|Any CPU
	EndGlobalSection
	GlobalSection(SolutionProperties) = preSolution
		HideSolutionNode = FALSE
	EndGlobalSection
	GlobalSection(NestedProjects) = preSolution
		{CDA63267-C716-419E-C407-1D8C93071FFE} = {A8029D33-ABD4-676C-B81C-FB5B191EF135}
	EndGlobalSection
	GlobalSection(ExtensibilityGlobals) = postSolution
		SolutionGuid = {C52D83E8-B5B7-41DF-81B6-B817EA717727}
	EndGlobalSection
EndGlobal
